
Microsoft Visual Studio Solution File, Format Version 12.00
# Visual Studio Version 17
VisualStudioVersion = 17.5.33424.131
MinimumVisualStudioVersion = 10.0.40219.1
Project("{FAE04EC0-301F-11D3-BF4B-00C04F79EFBC}") = "Threads", "Threads\Threads.csproj", "{9ED2F8C9-FCBE-4661-AE8B-3502243452A2}"
EndProject
Global
	GlobalSection(SolutionConfigurationPlatforms) = preSolution
		Debug|Any CPU = Debug|Any CPU
		Release|Any CPU = Release|Any CPU
	EndGlobalSection
	GlobalSection(ProjectConfigurationPlatforms) = postSolution
		{9ED2F8C9-FCBE-4661-AE8B-3502243452A2}.Debug|Any CPU.ActiveCfg = Debug|Any CPU
		{9ED2F8C9-FCBE-4661-AE8B-3502243452A2}.Debug|Any CPU.Build.0 = Debug|Any CPU
		{9ED2F8C9-FCBE-4661-AE8B-3502243452A2}.Release|Any CPU.ActiveCfg = Release|Any CPU
		{9ED2F8C9-FCBE-4661-AE8B-3502243452A2}.Release|Any CPU.Build.0 = Release|Any CPU
	EndGlobalSection
	GlobalSection(SolutionProperties) = preSolution
		HideSolutionNode = FALSE
	EndGlobalSection
	GlobalSection(ExtensibilityGlobals) = postSolution
		SolutionGuid = {E480B978-A6F9-48EC-91C1-C96795509177}
	EndGlobalSection
EndGlobal
